
Microsoft Visual Studio Solution File, Format Version 12.00
# Visual Studio Version 16
VisualStudioVersion = 16.0.31205.134
MinimumVisualStudioVersion = 10.0.40219.1
Project("{FAE04EC0-301F-11D3-BF4B-00C04F79EFBC}") = "QuanLyMovies", "QuanLyMovies\QuanLyMovies.csproj", "{C9F44908-650B-4D4C-8A19-56B087254388}"
EndProject
Global
	GlobalSection(SolutionConfigurationPlatforms) = preSolution
		Debug|Any CPU = Debug|Any CPU
		Release|Any CPU = Release|Any CPU
	EndGlobalSection
	GlobalSection(ProjectConfigurationPlatforms) = postSolution
		{C9F44908-650B-4D4C-8A19-56B087254388}.Debug|Any CPU.ActiveCfg = Debug|Any CPU
		{C9F44908-650B-4D4C-8A19-56B087254388}.Debug|Any CPU.Build.0 = Debug|Any CPU
		{C9F44908-650B-4D4C-8A19-56B087254388}.Release|Any CPU.ActiveCfg = Release|Any CPU
		{C9F44908-650B-4D4C-8A19-56B087254388}.Release|Any CPU.Build.0 = Release|Any CPU
	EndGlobalSection
	GlobalSection(SolutionProperties) = preSolution
		HideSolutionNode = FALSE
	EndGlobalSection
	GlobalSection(ExtensibilityGlobals) = postSolution
		SolutionGuid = {44D99835-217C-4B92-8CA0-5026E4BE03D9}
	EndGlobalSection
EndGlobal
